
Microsoft Visual Studio Solution File, Format Version 12.00
# Visual Studio Version 16
VisualStudioVersion = 16.0.29613.14
MinimumVisualStudioVersion = 10.0.40219.1
Project("{2150E333-8FDC-42A3-9474-1A3956D46DE8}") = "src", "src", "{67AAC020-1A76-4DB6-974E-F584CC65E3D0}"
EndProject
Project("{2150E333-8FDC-42A3-9474-1A3956D46DE8}") = "services", "services", "{5A0F46AE-1FC0-4A0F-A874-0C70CF276122}"
EndProject
Project("{2150E333-8FDC-42A3-9474-1A3956D46DE8}") = "web", "web", "{7CA02468-F38C-4A50-A5F8-39452B5D55B8}"
EndProject
Project("{9A19103F-16F7-4668-BE54-9A1E7A4F7556}") = "ProductCatalogApi", "ProductCatalogApi\ProductCatalogApi.csproj", "{A5052F62-82E8-4DAC-B48D-89E512784FD2}"
EndProject
Project("{E53339B2-1760-4266-BCC7-CA923CBCF16C}") = "docker-compose", "docker-compose.dcproj", "{73A8AC41-80C0-4C70-A6AD-4BC3D88D86A3}"
EndProject
Project("{9A19103F-16F7-4668-BE54-9A1E7A4F7556}") = "WebMVC", "WebMVC\WebMVC.csproj", "{37F7D95E-E74F-4067-B7D7-C0F85D647F0B}"
EndProject
Project("{9A19103F-16F7-4668-BE54-9A1E7A4F7556}") = "TokenServiceApi", "TokenServiceApi\TokenServiceApi.csproj", "{D5C687F6-85B9-4DF4-9976-A08691EB2537}"
EndProject
Project("{9A19103F-16F7-4668-BE54-9A1E7A4F7556}") = "CartApi", "CartApi\CartApi.csproj", "{9480B3EF-C66A-4513-891F-C361735B0B6F}"
EndProject
Project("{FAE04EC0-301F-11D3-BF4B-00C04F79EFBC}") = "OrderApi", "OrderApi\OrderApi.csproj", "{EFA862CB-08AB-48ED-9A67-DFF43BD31B50}"
EndProject
Global
	GlobalSection(SolutionConfigurationPlatforms) = preSolution
		Debug|Any CPU = Debug|Any CPU
		Release|Any CPU = Release|Any CPU
	EndGlobalSection
	GlobalSection(ProjectConfigurationPlatforms) = postSolution
		{A5052F62-82E8-4DAC-B48D-89E512784FD2}.Debug|Any CPU.ActiveCfg = Debug|Any CPU
		{A5052F62-82E8-4DAC-B48D-89E512784FD2}.Debug|Any CPU.Build.0 = Debug|Any CPU
		{A5052F62-82E8-4DAC-B48D-89E512784FD2}.Release|Any CPU.ActiveCfg = Release|Any CPU
		{A5052F62-82E8-4DAC-B48D-89E512784FD2}.Release|Any CPU.Build.0 = Release|Any CPU
		{73A8AC41-80C0-4C70-A6AD-4BC3D88D86A3}.Debug|Any CPU.ActiveCfg = Debug|Any CPU
		{73A8AC41-80C0-4C70-A6AD-4BC3D88D86A3}.Debug|Any CPU.Build.0 = Debug|Any CPU
		{73A8AC41-80C0-4C70-A6AD-4BC3D88D86A3}.Release|Any CPU.ActiveCfg = Release|Any CPU
		{73A8AC41-80C0-4C70-A6AD-4BC3D88D86A3}.Release|Any CPU.Build.0 = Release|Any CPU
		{37F7D95E-E74F-4067-B7D7-C0F85D647F0B}.Debug|Any CPU.ActiveCfg = Debug|Any CPU
		{37F7D95E-E74F-4067-B7D7-C0F85D647F0B}.Debug|Any CPU.Build.0 = Debug|Any CPU
		{37F7D95E-E74F-4067-B7D7-C0F85D647F0B}.Release|Any CPU.ActiveCfg = Release|Any CPU
		{37F7D95E-E74F-4067-B7D7-C0F85D647F0B}.Release|Any CPU.Build.0 = Release|Any CPU
		{D5C687F6-85B9-4DF4-9976-A08691EB2537}.Debug|Any CPU.ActiveCfg = Debug|Any CPU
		{D5C687F6-85B9-4DF4-9976-A08691EB2537}.Debug|Any CPU.Build.0 = Debug|Any CPU
		{D5C687F6-85B9-4DF4-9976-A08691EB2537}.Release|Any CPU.ActiveCfg = Release|Any CPU
		{D5C687F6-85B9-4DF4-9976-A08691EB2537}.Release|Any CPU.Build.0 = Release|Any CPU
		{9480B3EF-C66A-4513-891F-C361735B0B6F}.Debug|Any CPU.ActiveCfg = Debug|Any CPU
		{9480B3EF-C66A-4513-891F-C361735B0B6F}.Debug|Any CPU.Build.0 = Debug|Any CPU
		{9480B3EF-C66A-4513-891F-C361735B0B6F}.Release|Any CPU.ActiveCfg = Release|Any CPU
		{9480B3EF-C66A-4513-891F-C361735B0B6F}.Release|Any CPU.Build.0 = Release|Any CPU
		{EFA862CB-08AB-48ED-9A67-DFF43BD31B50}.Debug|Any CPU.ActiveCfg = Debug|Any CPU
		{EFA862CB-08AB-48ED-9A67-DFF43BD31B50}.Debug|Any CPU.Build.0 = Debug|Any CPU
		{EFA862CB-08AB-48ED-9A67-DFF43BD31B50}.Release|Any CPU.ActiveCfg = Release|Any CPU
		{EFA862CB-08AB-48ED-9A67-DFF43BD31B50}.Release|Any CPU.Build.0 = Release|Any CPU
	EndGlobalSection
	GlobalSection(SolutionProperties) = preSolution
		HideSolutionNode = FALSE
	EndGlobalSection
	GlobalSection(NestedProjects) = preSolution
		{5A0F46AE-1FC0-4A0F-A874-0C70CF276122} = {67AAC020-1A76-4DB6-974E-F584CC65E3D0}
		{7CA02468-F38C-4A50-A5F8-39452B5D55B8} = {67AAC020-1A76-4DB6-974E-F584CC65E3D0}
		{A5052F62-82E8-4DAC-B48D-89E512784FD2} = {5A0F46AE-1FC0-4A0F-A874-0C70CF276122}
		{37F7D95E-E74F-4067-B7D7-C0F85D647F0B} = {7CA02468-F38C-4A50-A5F8-39452B5D55B8}
		{D5C687F6-85B9-4DF4-9976-A08691EB2537} = {5A0F46AE-1FC0-4A0F-A874-0C70CF276122}
		{9480B3EF-C66A-4513-891F-C361735B0B6F} = {5A0F46AE-1FC0-4A0F-A874-0C70CF276122}
		{EFA862CB-08AB-48ED-9A67-DFF43BD31B50} = {5A0F46AE-1FC0-4A0F-A874-0C70CF276122}
	EndGlobalSection
	GlobalSection(ExtensibilityGlobals) = postSolution
		SolutionGuid = {6A248CAE-8A46-4AC2-AD93-5CAA359585E6}
	EndGlobalSection
EndGlobal
